<?xml version="1.0" encoding="utf-8"?>
<Project ToolsVersion="4.0" xmlns="http://schemas.microsoft.com/developer/msbuild/2003">
  <ItemGroup>
    <Filter Include="Source Files">
      <UniqueIdentifier>{4FC737F1-C7A5-4376-A066-2A32D752A2FF}</UniqueIdentifier>
      <Extensions>cpp;c;cc;cxx;def;odl;idl;hpj;bat;asm;asmx</Extensions>
    </Filter>
    <Filter Include="Header Files">
      <UniqueIdentifier>{93995380-89BD-4b04-88EB-625FBE52EBFB}</UniqueIdentifier>
      <Extensions>h;hh;hpp;hxx;hm;inl;inc;ipp;xsd</Extensions>
    </Filter>
    <Filter Include="Resource Files">
      <UniqueIdentifier>{67DA6AB6-F800-4c08-8B7A-83BB121AAD01}</UniqueIdentifier>
      <Extensions>rc;ico;cur;bmp;dlg;rc2;rct;bin;rgs;gif;jpg;jpeg;jpe;resx;tiff;tif;png;wav;mfcribbon-ms</Extensions>
    </Filter>
  </ItemGroup>
  <ItemGroup>
    <ClInclude Include="Vozidlo.h">
      <Filter>Header Files</Filter>
    </ClInclude>
    <ClInclude Include="Konstatnty.h">
      <Filter>Header Files</Filter>
    </ClInclude>
    <ClInclude Include="structures\array\array.h">
      <Filter>Resource Files</Filter>
    </ClInclude>
    <ClInclude Include="structures\ds_routines.h">
      <Filter>Resource Files</Filter>
    </ClInclude>
    <ClInclude Include="structures\ds_structure_types.h">
      <Filter>Resource Files</Filter>
    </ClInclude>
    <ClInclude Include="structures\graph\algorithms\dijkstra.h">
      <Filter>Resource Files</Filter>
    </ClInclude>
    <ClInclude Include="structures\graph\bi_star_graph.h">
      <Filter>Resource Files</Filter>
    </ClInclude>
    <ClInclude Include="structures\graph\forward_star_graph.h">
      <Filter>Resource Files</Filter>
    </ClInclude>
    <ClInclude Include="structures\graph\graph.h">
      <Filter>Resource Files</Filter>
    </ClInclude>
    <ClInclude Include="structures\graph\graph_with_registration.h">
      <Filter>Resource Files</Filter>
    </ClInclude>
    <ClInclude Include="structures\heap_monitor.h">
      <Filter>Resource Files</Filter>
    </ClInclude>
    <ClInclude Include="structures\list\array_list.h">
      <Filter>Resource Files</Filter>
    </ClInclude>
    <ClInclude Include="structures\list\linked_list.h">
      <Filter>Resource Files</Filter>
    </ClInclude>
    <ClInclude Include="structures\list\list.h">
      <Filter>Resource Files</Filter>
    </ClInclude>
    <ClInclude Include="structures\memory_routines.h">
      <Filter>Resource Files</Filter>
    </ClInclude>
    <ClInclude Include="structures\priority_queue\heap.h">
      <Filter>Resource Files</Filter>
    </ClInclude>
    <ClInclude Include="structures\priority_queue\priority_queue.h">
      <Filter>Resource Files</Filter>
    </ClInclude>
    <ClInclude Include="structures\priority_queue\priority_queue_limited_sorted_array_list.h">
      <Filter>Resource Files</Filter>
    </ClInclude>
    <ClInclude Include="structures\priority_queue\priority_queue_linked_list.h">
      <Filter>Resource Files</Filter>
    </ClInclude>
    <ClInclude Include="structures\priority_queue\priority_queue_list.h">
      <Filter>Resource Files</Filter>
    </ClInclude>
    <ClInclude Include="structures\priority_queue\priority_queue_sorted_array_list.h">
      <Filter>Resource Files</Filter>
    </ClInclude>
    <ClInclude Include="structures\priority_queue\priority_queue_two_lists.h">
      <Filter>Resource Files</Filter>
    </ClInclude>
    <ClInclude Include="structures\priority_queue\priority_queue_unsorted_array_list.h">
      <Filter>Resource Files</Filter>
    </ClInclude>
    <ClInclude Include="structures\queue\explicit_queue.h">
      <Filter>Resource Files</Filter>
    </ClInclude>
    <ClInclude Include="structures\queue\implicit_queue.h">
      <Filter>Resource Files</Filter>
    </ClInclude>
    <ClInclude Include="structures\queue\queue.h">
      <Filter>Resource Files</Filter>
    </ClInclude>
    <ClInclude Include="structures\stack\explicit_stack.h">
      <Filter>Resource Files</Filter>
    </ClInclude>
    <ClInclude Include="structures\stack\implicit_stack.h">
      <Filter>Resource Files</Filter>
    </ClInclude>
    <ClInclude Include="structures\stack\stack.h">
      <Filter>Resource Files</Filter>
    </ClInclude>
    <ClInclude Include="structures\structure.h">
      <Filter>Resource Files</Filter>
    </ClInclude>
    <ClInclude Include="structures\structure_iterator.h">
      <Filter>Resource Files</Filter>
    </ClInclude>
    <ClInclude Include="structures\table\binary_search_tree.h">
      <Filter>Resource Files</Filter>
    </ClInclude>
    <ClInclude Include="structures\table\hash_table.h">
      <Filter>Resource Files</Filter>
    </ClInclude>
    <ClInclude Include="structures\table\linked_table.h">
      <Filter>Resource Files</Filter>
    </ClInclude>
    <ClInclude Include="structures\table\sequence_table.h">
      <Filter>Resource Files</Filter>
    </ClInclude>
    <ClInclude Include="structures\table\sorted_sequence_table.h">
      <Filter>Resource Files</Filter>
    </ClInclude>
    <ClInclude Include="structures\table\sorting\bubble_sort.h">
      <Filter>Resource Files</Filter>
    </ClInclude>
    <ClInclude Include="structures\table\sorting\heap_sort.h">
      <Filter>Resource Files</Filter>
    </ClInclude>
    <ClInclude Include="structures\table\sorting\insert_sort.h">
      <Filter>Resource Files</Filter>
    </ClInclude>
    <ClInclude Include="structures\table\sorting\merge_sort.h">
      <Filter>Resource Files</Filter>
    </ClInclude>
    <ClInclude Include="structures\table\sorting\quick_sort.h">
      <Filter>Resource Files</Filter>
    </ClInclude>
    <ClInclude Include="structures\table\sorting\radix_sort.h">
      <Filter>Resource Files</Filter>
    </ClInclude>
    <ClInclude Include="structures\table\sorting\select_sort.h">
      <Filter>Resource Files</Filter>
    </ClInclude>
    <ClInclude Include="structures\table\sorting\shell_sort.h">
      <Filter>Resource Files</Filter>
    </ClInclude>
    <ClInclude Include="structures\table\sorting\shuffle.h">
      <Filter>Resource Files</Filter>
    </ClInclude>
    <ClInclude Include="structures\table\sorting\sort.h">
      <Filter>Resource Files</Filter>
    </ClInclude>
    <ClInclude Include="structures\table\table.h">
      <Filter>Resource Files</Filter>
    </ClInclude>
    <ClInclude Include="structures\table\treap.h">
      <Filter>Resource Files</Filter>
    </ClInclude>
    <ClInclude Include="structures\table\unsorted_sequence_table.h">
      <Filter>Resource Files</Filter>
    </ClInclude>
    <ClInclude Include="structures\tree\binary_tree.h">
      <Filter>Resource Files</Filter>
    </ClInclude>
    <ClInclude Include="structures\tree\k_way_tree.h">
      <Filter>Resource Files</Filter>
    </ClInclude>
    <ClInclude Include="structures\tree\multi_way_tree.h">
      <Filter>Resource Files</Filter>
    </ClInclude>
    <ClInclude Include="structures\tree\tree.h">
      <Filter>Resource Files</Filter>
    </ClInclude>
    <ClInclude Include="structures\vector\vector.h">
      <Filter>Resource Files</Filter>
    </ClInclude>
    <ClInclude Include="resource.h">
      <Filter>Header Files</Filter>
    </ClInclude>
    <ClInclude Include="Firma.h">
      <Filter>Header Files</Filter>
    </ClInclude>
    <ClInclude Include="Zákazník.h">
      <Filter>Header Files</Filter>
    </ClInclude>
    <ClInclude Include="Prekladisko.h">
      <Filter>Header Files</Filter>
    </ClInclude>
    <ClInclude Include="Datum.h">
      <Filter>Header Files</Filter>
    </ClInclude>
    <ClInclude Include="CentralnySklad.h">
      <Filter>Header Files</Filter>
    </ClInclude>
    <ClInclude Include="Dron.h">
      <Filter>Header Files</Filter>
    </ClInclude>
    <ClInclude Include="Objednavka.h">
      <Filter>Header Files</Filter>
    </ClInclude>
    <ClInclude Include="UI.h">
      <Filter>Header Files</Filter>
    </ClInclude>
  </ItemGroup>
  <ItemGroup>
    <ClCompile Include="main.cpp">
      <Filter>Source Files</Filter>
    </ClCompile>
    <ClCompile Include="structures\ds_routines.cpp">
      <Filter>Resource Files</Filter>
    </ClCompile>
    <ClCompile Include="structures\graph\algorithms\dijkstra.cpp">
      <Filter>Resource Files</Filter>
    </ClCompile>
    <ClCompile Include="structures\graph\bi_star_graph.cpp">
      <Filter>Resource Files</Filter>
    </ClCompile>
    <ClCompile Include="structures\graph\forward_star_graph.cpp">
      <Filter>Resource Files</Filter>
    </ClCompile>
    <ClCompile Include="structures\graph\graph.cpp">
      <Filter>Resource Files</Filter>
    </ClCompile>
    <ClCompile Include="structures\graph\graph_with_registration.cpp">
      <Filter>Resource Files</Filter>
    </ClCompile>
    <ClCompile Include="structures\memory_routines.cpp">
      <Filter>Resource Files</Filter>
    </ClCompile>
    <ClCompile Include="structures\structure.cpp">
      <Filter>Resource Files</Filter>
    </ClCompile>
    <ClCompile Include="structures\table\sorting\sort.cpp">
      <Filter>Resource Files</Filter>
    </ClCompile>
    <ClCompile Include="structures\vector\vector.cpp">
      <Filter>Resource Files</Filter>
    </ClCompile>
    <ClCompile Include="Vozidlo.cpp">
      <Filter>Source Files</Filter>
    </ClCompile>
    <ClCompile Include="Firma.cpp">
      <Filter>Source Files</Filter>
    </ClCompile>
    <ClCompile Include="Zákazník.cpp">
      <Filter>Source Files</Filter>
    </ClCompile>
    <ClCompile Include="Prekladisko.cpp">
      <Filter>Source Files</Filter>
    </ClCompile>
    <ClCompile Include="Datum.cpp">
      <Filter>Source Files</Filter>
    </ClCompile>
    <ClCompile Include="CentralnySklad.cpp">
      <Filter>Source Files</Filter>
    </ClCompile>
    <ClCompile Include="Dron.cpp">
      <Filter>Source Files</Filter>
    </ClCompile>
    <ClCompile Include="Objednavka.cpp">
      <Filter>Source Files</Filter>
    </ClCompile>
    <ClCompile Include="UI.cpp">
      <Filter>Source Files</Filter>
    </ClCompile>
  </ItemGroup>
  <ItemGroup>
    <Natvis Include="aus.natvis" />
  </ItemGroup>
  <ItemGroup>
    <ResourceCompile Include="SemestralnaPraca_AUS_01.rc">
      <Filter>Resource Files</Filter>
    </ResourceCompile>
  </ItemGroup>
</Project>